
Microsoft Visual Studio Solution File, Format Version 12.00
# Visual Studio Version 17
VisualStudioVersion = 17.6.33829.357
MinimumVisualStudioVersion = 10.0.40219.1
Project("{8BC9CEB8-8B4A-11D0-8D11-00A0C91BC942}") = "yAI", "yAI\yAI.vcxproj", "{9BECD75A-05F2-4431-B9ED-A1093DFA1C40}"
EndProject
Project("{8BC9CEB8-8B4A-11D0-8D11-00A0C91BC942}") = "yAI Test", "yAI Test\yAI Test.vcxproj", "{D2C756C0-C6E4-4006-8D5D-E31FDA2DEC29}"
EndProject
Global
	GlobalSection(SolutionConfigurationPlatforms) = preSolution
		Debug|x64 = Debug|x64
		Debug|x86 = Debug|x86
		Release|x64 = Release|x64
		Release|x86 = Release|x86
	EndGlobalSection
	GlobalSection(ProjectConfigurationPlatforms) = postSolution
		{9BECD75A-05F2-4431-B9ED-A1093DFA1C40}.Debug|x64.ActiveCfg = Debug|x64
		{9BECD75A-05F2-4431-B9ED-A1093DFA1C40}.Debug|x64.Build.0 = Debug|x64
		{9BECD75A-05F2-4431-B9ED-A1093DFA1C40}.Debug|x86.ActiveCfg = Debug|Win32
		{9BECD75A-05F2-4431-B9ED-A1093DFA1C40}.Debug|x86.Build.0 = Debug|Win32
		{9BECD75A-05F2-4431-B9ED-A1093DFA1C40}.Release|x64.ActiveCfg = Release|x64
		{9BECD75A-05F2-4431-B9ED-A1093DFA1C40}.Release|x64.Build.0 = Release|x64
		{9BECD75A-05F2-4431-B9ED-A1093DFA1C40}.Release|x86.ActiveCfg = Release|Win32
		{9BECD75A-05F2-4431-B9ED-A1093DFA1C40}.Release|x86.Build.0 = Release|Win32
		{D2C756C0-C6E4-4006-8D5D-E31FDA2DEC29}.Debug|x64.ActiveCfg = Debug|x64
		{D2C756C0-C6E4-4006-8D5D-E31FDA2DEC29}.Debug|x64.Build.0 = Debug|x64
		{D2C756C0-C6E4-4006-8D5D-E31FDA2DEC29}.Debug|x86.ActiveCfg = Debug|Win32
		{D2C756C0-C6E4-4006-8D5D-E31FDA2DEC29}.Debug|x86.Build.0 = Debug|Win32
		{D2C756C0-C6E4-4006-8D5D-E31FDA2DEC29}.Release|x64.ActiveCfg = Release|x64
		{D2C756C0-C6E4-4006-8D5D-E31FDA2DEC29}.Release|x64.Build.0 = Release|x64
		{D2C756C0-C6E4-4006-8D5D-E31FDA2DEC29}.Release|x86.ActiveCfg = Release|Win32
		{D2C756C0-C6E4-4006-8D5D-E31FDA2DEC29}.Release|x86.Build.0 = Release|Win32
	EndGlobalSection
	GlobalSection(SolutionProperties) = preSolution
		HideSolutionNode = FALSE
	EndGlobalSection
	GlobalSection(ExtensibilityGlobals) = postSolution
		SolutionGuid = {F920581A-8845-4C1B-AF6F-EC7983B133B4}
	EndGlobalSection
EndGlobal
